
Microsoft Visual Studio Solution File, Format Version 12.00
# Visual Studio Version 17
VisualStudioVersion = 17.12.35527.113 d17.12
MinimumVisualStudioVersion = 10.0.40219.1
Project("{FAE04EC0-301F-11D3-BF4B-00C04F79EFBC}") = "PhotoAlbum.API", "PhotoAlbumAPI\PhotoAlbum.API.csproj", "{648F5DC9-AFB6-4C33-9BE5-0BAECCA7DA88}"
EndProject
Project("{FAE04EC0-301F-11D3-BF4B-00C04F79EFBC}") = "PhotoAlbum.Core", "PhotoAlbum.Core\PhotoAlbum.Core.csproj", "{F276AEEA-25C0-4786-84A9-157D48B8D1B9}"
EndProject
Project("{FAE04EC0-301F-11D3-BF4B-00C04F79EFBC}") = "PhotoAlbum.Data", "PhotoAlbum.Data\PhotoAlbum.Data.csproj", "{AD5A06D8-2755-4FC4-90BC-8D5F64D5A073}"
EndProject
Project("{FAE04EC0-301F-11D3-BF4B-00C04F79EFBC}") = "PhotoAlbum.Service", "PhotoAlbum.Service\PhotoAlbum.Service.csproj", "{A9C2B242-D0F9-4834-87CC-5FC4242F92B6}"
EndProject
Global
	GlobalSection(SolutionConfigurationPlatforms) = preSolution
		Debug|Any CPU = Debug|Any CPU
		Release|Any CPU = Release|Any CPU
	EndGlobalSection
	GlobalSection(ProjectConfigurationPlatforms) = postSolution
		{648F5DC9-AFB6-4C33-9BE5-0BAECCA7DA88}.Debug|Any CPU.ActiveCfg = Debug|Any CPU
		{648F5DC9-AFB6-4C33-9BE5-0BAECCA7DA88}.Debug|Any CPU.Build.0 = Debug|Any CPU
		{648F5DC9-AFB6-4C33-9BE5-0BAECCA7DA88}.Release|Any CPU.ActiveCfg = Release|Any CPU
		{648F5DC9-AFB6-4C33-9BE5-0BAECCA7DA88}.Release|Any CPU.Build.0 = Release|Any CPU
		{F276AEEA-25C0-4786-84A9-157D48B8D1B9}.Debug|Any CPU.ActiveCfg = Debug|Any CPU
		{F276AEEA-25C0-4786-84A9-157D48B8D1B9}.Debug|Any CPU.Build.0 = Debug|Any CPU
		{F276AEEA-25C0-4786-84A9-157D48B8D1B9}.Release|Any CPU.ActiveCfg = Release|Any CPU
		{F276AEEA-25C0-4786-84A9-157D48B8D1B9}.Release|Any CPU.Build.0 = Release|Any CPU
		{AD5A06D8-2755-4FC4-90BC-8D5F64D5A073}.Debug|Any CPU.ActiveCfg = Debug|Any CPU
		{AD5A06D8-2755-4FC4-90BC-8D5F64D5A073}.Debug|Any CPU.Build.0 = Debug|Any CPU
		{AD5A06D8-2755-4FC4-90BC-8D5F64D5A073}.Release|Any CPU.ActiveCfg = Release|Any CPU
		{AD5A06D8-2755-4FC4-90BC-8D5F64D5A073}.Release|Any CPU.Build.0 = Release|Any CPU
		{A9C2B242-D0F9-4834-87CC-5FC4242F92B6}.Debug|Any CPU.ActiveCfg = Debug|Any CPU
		{A9C2B242-D0F9-4834-87CC-5FC4242F92B6}.Debug|Any CPU.Build.0 = Debug|Any CPU
		{A9C2B242-D0F9-4834-87CC-5FC4242F92B6}.Release|Any CPU.ActiveCfg = Release|Any CPU
		{A9C2B242-D0F9-4834-87CC-5FC4242F92B6}.Release|Any CPU.Build.0 = Release|Any CPU
	EndGlobalSection
	GlobalSection(SolutionProperties) = preSolution
		HideSolutionNode = FALSE
	EndGlobalSection
EndGlobal
